<?xml version="1.0" encoding="utf-8"?>
<Project ToolsVersion="4.0" xmlns="http://schemas.microsoft.com/developer/msbuild/2003">
  <ItemGroup>
    <Filter Include="Source Files">
      <UniqueIdentifier>{4FC737F1-C7A5-4376-A066-2A32D752A2FF}</UniqueIdentifier>
      <Extensions>cpp;c;cc;cxx;c++;cppm;ixx;def;odl;idl;hpj;bat;asm;asmx</Extensions>
    </Filter>
    <Filter Include="Header Files">
      <UniqueIdentifier>{93995380-89BD-4b04-88EB-625FBE52EBFB}</UniqueIdentifier>
      <Extensions>h;hh;hpp;hxx;h++;hm;inl;inc;ipp;xsd</Extensions>
    </Filter>
    <Filter Include="Resource Files">
      <UniqueIdentifier>{67DA6AB6-F800-4c08-8B7A-83BB121AAD01}</UniqueIdentifier>
      <Extensions>rc;ico;cur;bmp;dlg;rc2;rct;bin;rgs;gif;jpg;jpeg;jpe;resx;tiff;tif;png;wav;mfcribbon-ms</Extensions>
    </Filter>
    <Filter Include="Header Files\Foundation">
      <UniqueIdentifier>{6ea43439-5a80-4654-b3ad-a492fa7bcd85}</UniqueIdentifier>
    </Filter>
    <Filter Include="Header Files\Menu States">
      <UniqueIdentifier>{40f336b5-6ff6-4360-8980-cbd37e0eb82e}</UniqueIdentifier>
    </Filter>
    <Filter Include="Header Files\Security">
      <UniqueIdentifier>{a67b51da-0540-4ded-a2b4-0071983a4902}</UniqueIdentifier>
    </Filter>
    <Filter Include="Source Files\Foundation">
      <UniqueIdentifier>{7f37a589-17b8-49fa-9d34-70bbf1257b70}</UniqueIdentifier>
    </Filter>
    <Filter Include="Source Files\Menu States">
      <UniqueIdentifier>{c133e27d-1db1-4997-a092-e724586daef6}</UniqueIdentifier>
    </Filter>
    <Filter Include="Source Files\Security">
      <UniqueIdentifier>{f1e7b96f-42e2-4f1d-aba4-1e00e6963b8a}</UniqueIdentifier>
    </Filter>
  </ItemGroup>
  <ItemGroup>
    <ClCompile Include="CS261_Assignment4_Server.cpp">
      <Filter>Source Files\Foundation</Filter>
    </ClCompile>
    <ClCompile Include="DigestBuilder.cpp">
      <Filter>Source Files\Security</Filter>
    </ClCompile>
    <ClCompile Include="HostingMenuState.cpp">
      <Filter>Source Files\Menu States</Filter>
    </ClCompile>
    <ClCompile Include="ServerConfiguration.cpp">
      <Filter>Source Files\Foundation</Filter>
    </ClCompile>
    <ClCompile Include="ServerMainMenuState.cpp">
      <Filter>Source Files\Menu States</Filter>
    </ClCompile>
  </ItemGroup>
  <ItemGroup>
    <ClInclude Include="DigestBuilder.h">
      <Filter>Header Files\Security</Filter>
    </ClInclude>
    <ClInclude Include="framework.h">
      <Filter>Header Files\Foundation</Filter>
    </ClInclude>
    <ClInclude Include="HostingMenuState.h">
      <Filter>Header Files\Menu States</Filter>
    </ClInclude>
    <ClInclude Include="ServerConfiguration.h">
      <Filter>Header Files\Foundation</Filter>
    </ClInclude>
    <ClInclude Include="ServerMainMenuState.h">
      <Filter>Header Files\Menu States</Filter>
    </ClInclude>
  </ItemGroup>
</Project>